// !$*UTF8*$!
{
	archiveVersion = 1;
	classes = {
	};
	objectVersion = 50;
	objects = {

/* Begin PBXBuildFile section */
		D70238C020E9FECA0063B968 /* AppDelegate.m in Sources */ = {isa = PBXBuildFile; fileRef = D70238BF20E9FECA0063B968 /* AppDelegate.m */; };
		D70238C320E9FECB0063B968 /* ViewController.m in Sources */ = {isa = PBXBuildFile; fileRef = D70238C220E9FECB0063B968 /* ViewController.m */; };
		D70238C620E9FECB0063B968 /* Main.storyboard in Resources */ = {isa = PBXBuildFile; fileRef = D70238C420E9FECB0063B968 /* Main.storyboard */; };
		D70238C820E9FEE50063B968 /* Assets.xcassets in Resources */ = {isa = PBXBuildFile; fileRef = D70238C720E9FEE50063B968 /* Assets.xcassets */; };
		D70238CB20E9FEE50063B968 /* LaunchScreen.storyboard in Resources */ = {isa = PBXBuildFile; fileRef = D70238C920E9FEE50063B968 /* LaunchScreen.storyboard */; };
		D70238CE20E9FEE50063B968 /* main.m in Sources */ = {isa = PBXBuildFile; fileRef = D70238CD20E9FEE50063B968 /* main.m */; };
		D7BD024920F1C9AC00D91DD4 /* Vternalframework.framework in Frameworks */ = {isa = PBXBuildFile; fileRef = D7BD024720F1C99B00D91DD4 /* Vternalframework.framework */; };
		D7BD024A20F1C9AC00D91DD4 /* Vternalframework.framework in Embed Frameworks */ = {isa = PBXBuildFile; fileRef = D7BD024720F1C99B00D91DD4 /* Vternalframework.framework */; settings = {ATTRIBUTES = (CodeSignOnCopy, RemoveHeadersOnCopy, ); }; };
/* End PBXBuildFile section */

/* Begin PBXCopyFilesBuildPhase section */
		D70238E420EA125C0063B968 /* Embed Frameworks */ = {
			isa = PBXCopyFilesBuildPhase;
			buildActionMask = 2147483647;
			dstPath = "";
			dstSubfolderSpec = 10;
			files = (
				D7BD024A20F1C9AC00D91DD4 /* Vternalframework.framework in Embed Frameworks */,
			);
			name = "Embed Frameworks";
			runOnlyForDeploymentPostprocessing = 0;
		};
/* End PBXCopyFilesBuildPhase section */

/* Begin PBXFileReference section */
		D70238BB20E9FECA0063B968 /* VFExampleObjectiveC.app */ = {isa = PBXFileReference; explicitFileType = wrapper.application; includeInIndex = 0; path = VFExampleObjectiveC.app; sourceTree = BUILT_PRODUCTS_DIR; };
		D70238BE20E9FECA0063B968 /* AppDelegate.h */ = {isa = PBXFileReference; lastKnownFileType = sourcecode.c.h; path = AppDelegate.h; sourceTree = "<group>"; };
		D70238BF20E9FECA0063B968 /* AppDelegate.m */ = {isa = PBXFileReference; lastKnownFileType = sourcecode.c.objc; path = AppDelegate.m; sourceTree = "<group>"; };
		D70238C120E9FECB0063B968 /* ViewController.h */ = {isa = PBXFileReference; lastKnownFileType = sourcecode.c.h; path = ViewController.h; sourceTree = "<group>"; };
		D70238C220E9FECB0063B968 /* ViewController.m */ = {isa = PBXFileReference; lastKnownFileType = sourcecode.c.objc; path = ViewController.m; sourceTree = "<group>"; };
		D70238C520E9FECB0063B968 /* Base */ = {isa = PBXFileReference; lastKnownFileType = file.storyboard; name = Base; path = Base.lproj/Main.storyboard; sourceTree = "<group>"; };
		D70238C720E9FEE50063B968 /* Assets.xcassets */ = {isa = PBXFileReference; lastKnownFileType = folder.assetcatalog; path = Assets.xcassets; sourceTree = "<group>"; };
		D70238CA20E9FEE50063B968 /* Base */ = {isa = PBXFileReference; lastKnownFileType = file.storyboard; name = Base; path = Base.lproj/LaunchScreen.storyboard; sourceTree = "<group>"; };
		D70238CC20E9FEE50063B968 /* Info.plist */ = {isa = PBXFileReference; lastKnownFileType = text.plist.xml; path = Info.plist; sourceTree = "<group>"; };
		D70238CD20E9FEE50063B968 /* main.m */ = {isa = PBXFileReference; lastKnownFileType = sourcecode.c.objc; path = main.m; sourceTree = "<group>"; };
		D7BD024720F1C99B00D91DD4 /* Vternalframework.framework */ = {isa = PBXFileReference; lastKnownFileType = wrapper.framework; name = Vternalframework.framework; path = ../../Downloads/Vternalframework.framework; sourceTree = "<group>"; };
/* End PBXFileReference section */

/* Begin PBXFrameworksBuildPhase section */
		D70238B820E9FECA0063B968 /* Frameworks */ = {
			isa = PBXFrameworksBuildPhase;
			buildActionMask = 2147483647;
			files = (
				D7BD024920F1C9AC00D91DD4 /* Vternalframework.framework in Frameworks */,
			);
			runOnlyForDeploymentPostprocessing = 0;
		};
/* End PBXFrameworksBuildPhase section */

/* Begin PBXGroup section */
		D70238B220E9FEC90063B968 = {
			isa = PBXGroup;
			children = (
				D7BD024720F1C99B00D91DD4 /* Vternalframework.framework */,
				D70238BD20E9FECA0063B968 /* VFExampleObjectiveC */,
				D70238BC20E9FECA0063B968 /* Products */,
			);
			sourceTree = "<group>";
		};
		D70238BC20E9FECA0063B968 /* Products */ = {
			isa = PBXGroup;
			children = (
				D70238BB20E9FECA0063B968 /* VFExampleObjectiveC.app */,
			);
			name = Products;
			sourceTree = "<group>";
		};
		D70238BD20E9FECA0063B968 /* VFExampleObjectiveC */ = {
			isa = PBXGroup;
			children = (
				D70238BE20E9FECA0063B968 /* AppDelegate.h */,
				D70238BF20E9FECA0063B968 /* AppDelegate.m */,
				D70238C120E9FECB0063B968 /* ViewController.h */,
				D70238C220E9FECB0063B968 /* ViewController.m */,
				D70238C420E9FECB0063B968 /* Main.storyboard */,
				D70238C720E9FEE50063B968 /* Assets.xcassets */,
				D70238C920E9FEE50063B968 /* LaunchScreen.storyboard */,
				D70238CC20E9FEE50063B968 /* Info.plist */,
				D70238CD20E9FEE50063B968 /* main.m */,
			);
			path = VFExampleObjectiveC;
			sourceTree = "<group>";
		};
/* End PBXGroup section */

/* Begin PBXNativeTarget section */
		D70238BA20E9FECA0063B968 /* VFExampleObjectiveC */ = {
			isa = PBXNativeTarget;
			buildConfigurationList = D70238D120E9FEE50063B968 /* Build configuration list for PBXNativeTarget "VFExampleObjectiveC" */;
			buildPhases = (
				D70238B720E9FECA0063B968 /* Sources */,
				D70238B820E9FECA0063B968 /* Frameworks */,
				D70238B920E9FECA0063B968 /* Resources */,
				D70238E420EA125C0063B968 /* Embed Frameworks */,
			);
			buildRules = (
			);
			dependencies = (
			);
			name = VFExampleObjectiveC;
			productName = VFExampleObjectiveC;
			productReference = D70238BB20E9FECA0063B968 /* VFExampleObjectiveC.app */;
			productType = "com.apple.product-type.application";
		};
/* End PBXNativeTarget section */

/* Begin PBXProject section */
		D70238B320E9FEC90063B968 /* Project object */ = {
			isa = PBXProject;
			attributes = {
				LastUpgradeCheck = 0940;
				ORGANIZATIONNAME = "Martin Dunsmuir";
				TargetAttributes = {
					D70238BA20E9FECA0063B968 = {
						CreatedOnToolsVersion = 9.4.1;
						SystemCapabilities = {
							com.apple.BackgroundModes = {
								enabled = 1;
							};
						};
					};
				};
			};
			buildConfigurationList = D70238B620E9FEC90063B968 /* Build configuration list for PBXProject "VFExampleObjectiveC" */;
			compatibilityVersion = "Xcode 9.3";
			developmentRegion = en;
			hasScannedForEncodings = 0;
			knownRegions = (
				en,
				Base,
			);
			mainGroup = D70238B220E9FEC90063B968;
			productRefGroup = D70238BC20E9FECA0063B968 /* Products */;
			projectDirPath = "";
			projectRoot = "";
			targets = (
				D70238BA20E9FECA0063B968 /* VFExampleObjectiveC */,
			);
		};
/* End PBXProject section */

/* Begin PBXResourcesBuildPhase section */
		D70238B920E9FECA0063B968 /* Resources */ = {
			isa = PBXResourcesBuildPhase;
			buildActionMask = 2147483647;
			files = (
				D70238CB20E9FEE50063B968 /* LaunchScreen.storyboard in Resources */,
				D70238C820E9FEE50063B968 /* Assets.xcassets in Resources */,
				D70238C620E9FECB0063B968 /* Main.storyboard in Resources */,
			);
			runOnlyForDeploymentPostprocessing = 0;
		};
/* End PBXResourcesBuildPhase section */

/* Begin PBXSourcesBuildPhase section */
		D70238B720E9FECA0063B968 /* Sources */ = {
			isa = PBXSourcesBuildPhase;
			buildActionMask = 2147483647;
			files = (
				D70238C320E9FECB0063B968 /* ViewController.m in Sources */,
				D70238CE20E9FEE50063B968 /* main.m in Sources */,
				D70238C020E9FECA0063B968 /* AppDelegate.m in Sources */,
			);
			runOnlyForDeploymentPostprocessing = 0;
		};
/* End PBXSourcesBuildPhase section */

/* Begin PBXVariantGroup section */
		D70238C420E9FECB0063B968 /* Main.storyboard */ = {
			isa = PBXVariantGroup;
			children = (
				D70238C520E9FECB0063B968 /* Base */,
			);
			name = Main.storyboard;
			sourceTree = "<group>";
		};
		D70238C920E9FEE50063B968 /* LaunchScreen.storyboard */ = {
			isa = PBXVariantGroup;
			children = (
				D70238CA20E9FEE50063B968 /* Base */,
			);
			name = LaunchScreen.storyboard;
			sourceTree = "<group>";
		};
/* End PBXVariantGroup section */

/* Begin XCBuildConfiguration section */
		D70238CF20E9FEE50063B968 /* Debug */ = {
			isa = XCBuildConfiguration;
			buildSettings = {
				ALWAYS_SEARCH_USER_PATHS = NO;
				CLANG_ANALYZER_NONNULL = YES;
				CLANG_ANALYZER_NUMBER_OBJECT_CONVERSION = YES_AGGRESSIVE;
				CLANG_CXX_LANGUAGE_STANDARD = "gnu++14";
				CLANG_CXX_LIBRARY = "libc++";
				CLANG_ENABLE_MODULES = YES;
				CLANG_ENABLE_OBJC_ARC = YES;
				CLANG_ENABLE_OBJC_WEAK = YES;
				CLANG_WARN_BLOCK_CAPTURE_AUTORELEASING = YES;
				CLANG_WARN_BOOL_CONVERSION = YES;
				CLANG_WARN_COMMA = YES;
				CLANG_WARN_CONSTANT_CONVERSION = YES;
				CLANG_WARN_DEPRECATED_OBJC_IMPLEMENTATIONS = YES;
				CLANG_WARN_DIRECT_OBJC_ISA_USAGE = YES_ERROR;
				CLANG_WARN_DOCUMENTATION_COMMENTS = YES;
				CLANG_WARN_EMPTY_BODY = YES;
				CLANG_WARN_ENUM_CONVERSION = YES;
				CLANG_WARN_INFINITE_RECURSION = YES;
				CLANG_WARN_INT_CONVERSION = YES;
				CLANG_WARN_NON_LITERAL_NULL_CONVERSION = YES;
				CLANG_WARN_OBJC_IMPLICIT_RETAIN_SELF = YES;
				CLANG_WARN_OBJC_LITERAL_CONVERSION = YES;
				CLANG_WARN_OBJC_ROOT_CLASS = YES_ERROR;
				CLANG_WARN_RANGE_LOOP_ANALYSIS = YES;
				CLANG_WARN_STRICT_PROTOTYPES = YES;
				CLANG_WARN_SUSPICIOUS_MOVE = YES;
				CLANG_WARN_UNGUARDED_AVAILABILITY = YES_AGGRESSIVE;
				CLANG_WARN_UNREACHABLE_CODE = YES;
				CLANG_WARN__DUPLICATE_METHOD_MATCH = YES;
				CODE_SIGN_IDENTITY = "iPhone Developer";
				COPY_PHASE_STRIP = NO;
				DEBUG_INFORMATION_FORMAT = dwarf;
				ENABLE_STRICT_OBJC_MSGSEND = YES;
				ENABLE_TESTABILITY = YES;
				GCC_C_LANGUAGE_STANDARD = gnu11;
				GCC_DYNAMIC_NO_PIC = NO;
				GCC_NO_COMMON_BLOCKS = YES;
				GCC_OPTIMIZATION_LEVEL = 0;
				GCC_PREPROCESSOR_DEFINITIONS = (
					"DEBUG=1",
					"$(inherited)",
				);
				GCC_WARN_64_TO_32_BIT_CONVERSION = YES;
				GCC_WARN_ABOUT_RETURN_TYPE = YES_ERROR;
				GCC_WARN_UNDECLARED_SELECTOR = YES;
				GCC_WARN_UNINITIALIZED_AUTOS = YES_AGGRESSIVE;
				GCC_WARN_UNUSED_FUNCTION = YES;
				GCC_WARN_UNUSED_VARIABLE = YES;
				IPHONEOS_DEPLOYMENT_TARGET = 11.4;
				MTL_ENABLE_DEBUG_INFO = YES;
				ONLY_ACTIVE_ARCH = YES;
				SDKROOT = iphoneos;
			};
			name = Debug;
		};
		D70238D020E9FEE50063B968 /* Release */ = {
			isa = XCBuildConfiguration;
			buildSettings = {
				ALWAYS_SEARCH_USER_PATHS = NO;
				CLANG_ANALYZER_NONNULL = YES;
				CLANG_ANALYZER_NUMBER_OBJECT_CONVERSION = YES_AGGRESSIVE;
				CLANG_CXX_LANGUAGE_STANDARD = "gnu++14";
				CLANG_CXX_LIBRARY = "libc++";
				CLANG_ENABLE_MODULES = YES;
				CLANG_ENABLE_OBJC_ARC = YES;
				CLANG_ENABLE_OBJC_WEAK = YES;
				CLANG_WARN_BLOCK_CAPTURE_AUTORELEASING = YES;
				CLANG_WARN_BOOL_CONVERSION = YES;
				CLANG_WARN_COMMA = YES;
				CLANG_WARN_CONSTANT_CONVERSION = YES;
				CLANG_WARN_DEPRECATED_OBJC_IMPLEMENTATIONS = YES;
				CLANG_WARN_DIRECT_OBJC_ISA_USAGE = YES_ERROR;
				CLANG_WARN_DOCUMENTATION_COMMENTS = YES;
				CLANG_WARN_EMPTY_BODY = YES;
				CLANG_WARN_ENUM_CONVERSION = YES;
				CLANG_WARN_INFINITE_RECURSION = YES;
				CLANG_WARN_INT_CONVERSION = YES;
				CLANG_WARN_NON_LITERAL_NULL_CONVERSION = YES;
				CLANG_WARN_OBJC_IMPLICIT_RETAIN_SELF = YES;
				CLANG_WARN_OBJC_LITERAL_CONVERSION = YES;
				CLANG_WARN_OBJC_ROOT_CLASS = YES_ERROR;
				CLANG_WARN_RANGE_LOOP_ANALYSIS = YES;
				CLANG_WARN_STRICT_PROTOTYPES = YES;
				CLANG_WARN_SUSPICIOUS_MOVE = YES;
				CLANG_WARN_UNGUARDED_AVAILABILITY = YES_AGGRESSIVE;
				CLANG_WARN_UNREACHABLE_CODE = YES;
				CLANG_WARN__DUPLICATE_METHOD_MATCH = YES;
				CODE_SIGN_IDENTITY = "iPhone Developer";
				COPY_PHASE_STRIP = NO;
				DEBUG_INFORMATION_FORMAT = "dwarf-with-dsym";
				ENABLE_NS_ASSERTIONS = NO;
				ENABLE_STRICT_OBJC_MSGSEND = YES;
				GCC_C_LANGUAGE_STANDARD = gnu11;
				GCC_NO_COMMON_BLOCKS = YES;
				GCC_WARN_64_TO_32_BIT_CONVERSION = YES;
				GCC_WARN_ABOUT_RETURN_TYPE = YES_ERROR;
				GCC_WARN_UNDECLARED_SELECTOR = YES;
				GCC_WARN_UNINITIALIZED_AUTOS = YES_AGGRESSIVE;
				GCC_WARN_UNUSED_FUNCTION = YES;
				GCC_WARN_UNUSED_VARIABLE = YES;
				IPHONEOS_DEPLOYMENT_TARGET = 11.4;
				MTL_ENABLE_DEBUG_INFO = NO;
				SDKROOT = iphoneos;
				VALIDATE_PRODUCT = YES;
			};
			name = Release;
		};
		D70238D220E9FEE50063B968 /* Debug */ = {
			isa = XCBuildConfiguration;
			buildSettings = {
				ASSETCATALOG_COMPILER_APPICON_NAME = AppIcon;
				CODE_SIGN_STYLE = Automatic;
				DEVELOPMENT_TEAM = 5C7V53CA2U;
				FRAMEWORK_SEARCH_PATHS = (
					"$(inherited)",
					"$(PROJECT_DIR)",
				);
				INFOPLIST_FILE = VFExampleObjectiveC/Info.plist;
				LD_RUNPATH_SEARCH_PATHS = (
					"$(inherited)",
					"@executable_path/Frameworks",
				);
				PRODUCT_BUNDLE_IDENTIFIER = com.vternal.VFExampleObjectiveC;
				PRODUCT_NAME = "$(TARGET_NAME)";
				TARGETED_DEVICE_FAMILY = "1,2";
			};
			name = Debug;
		};
		D70238D320E9FEE50063B968 /* Release */ = {
			isa = XCBuildConfiguration;
			buildSettings = {
				ASSETCATALOG_COMPILER_APPICON_NAME = AppIcon;
				CODE_SIGN_STYLE = Automatic;
				DEVELOPMENT_TEAM = 5C7V53CA2U;
				FRAMEWORK_SEARCH_PATHS = (
					"$(inherited)",
					"$(PROJECT_DIR)",
				);
				INFOPLIST_FILE = VFExampleObjectiveC/Info.plist;
				LD_RUNPATH_SEARCH_PATHS = (
					"$(inherited)",
					"@executable_path/Frameworks",
				);
				PRODUCT_BUNDLE_IDENTIFIER = com.vternal.VFExampleObjectiveC;
				PRODUCT_NAME = "$(TARGET_NAME)";
				TARGETED_DEVICE_FAMILY = "1,2";
			};
			name = Release;
		};
/* End XCBuildConfiguration section */

/* Begin XCConfigurationList section */
		D70238B620E9FEC90063B968 /* Build configuration list for PBXProject "VFExampleObjectiveC" */ = {
			isa = XCConfigurationList;
			buildConfigurations = (
				D70238CF20E9FEE50063B968 /* Debug */,
				D70238D020E9FEE50063B968 /* Release */,
			);
			defaultConfigurationIsVisible = 0;
			defaultConfigurationName = Release;
		};
		D70238D120E9FEE50063B968 /* Build configuration list for PBXNativeTarget "VFExampleObjectiveC" */ = {
			isa = XCConfigurationList;
			buildConfigurations = (
				D70238D220E9FEE50063B968 /* Debug */,
				D70238D320E9FEE50063B968 /* Release */,
			);
			defaultConfigurationIsVisible = 0;
			defaultConfigurationName = Release;
		};
/* End XCConfigurationList section */
	};
	rootObject = D70238B320E9FEC90063B968 /* Project object */;
}
